
Microsoft Visual Studio Solution File, Format Version 12.00
# Visual Studio Version 16
VisualStudioVersion = 16.0.29123.88
MinimumVisualStudioVersion = 10.0.40219.1
Project("{FAE04EC0-301F-11D3-BF4B-00C04F79EFBC}") = "WorkerTest", "WorkerTest\WorkerTest.csproj", "{EB9214BD-CBB2-470D-9BCE-EEECC67FCBA8}"
EndProject
Global
	GlobalSection(SolutionConfigurationPlatforms) = preSolution
		Debug|Any CPU = Debug|Any CPU
		Release|Any CPU = Release|Any CPU
	EndGlobalSection
	GlobalSection(ProjectConfigurationPlatforms) = postSolution
		{EB9214BD-CBB2-470D-9BCE-EEECC67FCBA8}.Debug|Any CPU.ActiveCfg = Debug|Any CPU
		{EB9214BD-CBB2-470D-9BCE-EEECC67FCBA8}.Debug|Any CPU.Build.0 = Debug|Any CPU
		{EB9214BD-CBB2-470D-9BCE-EEECC67FCBA8}.Release|Any CPU.ActiveCfg = Release|Any CPU
		{EB9214BD-CBB2-470D-9BCE-EEECC67FCBA8}.Release|Any CPU.Build.0 = Release|Any CPU
	EndGlobalSection
	GlobalSection(SolutionProperties) = preSolution
		HideSolutionNode = FALSE
	EndGlobalSection
	GlobalSection(ExtensibilityGlobals) = postSolution
		SolutionGuid = {FB4F69FE-1214-4B35-AFCA-C08E5C6DEDFC}
	EndGlobalSection
EndGlobal
